
Microsoft Visual Studio Solution File, Format Version 12.00
# Visual Studio Version 17
VisualStudioVersion = 17.3.32819.101
MinimumVisualStudioVersion = 10.0.40219.1
Project("{9A19103F-16F7-4668-BE54-9A1E7A4F7556}") = "VikopApi.Domain", "VikopApi.Domain\VikopApi.Domain.csproj", "{C85D2654-6D35-4727-8A5A-BC59D99BE02F}"
EndProject
Project("{9A19103F-16F7-4668-BE54-9A1E7A4F7556}") = "VikopApi.Database", "VikopApi.Database\VikopApi.Database.csproj", "{E2F4B2FB-8EBD-422C-AE5E-116C583EC183}"
EndProject
Project("{2150E333-8FDC-42A3-9474-1A3956D46DE8}") = "Solution Items", "Solution Items", "{B7FCC902-754E-440C-B700-473F10D0F2C5}"
	ProjectSection(SolutionItems) = preProject
		.editorconfig = .editorconfig
	EndProjectSection
EndProject
Project("{9A19103F-16F7-4668-BE54-9A1E7A4F7556}") = "VikopApi.Api", "VikopApi.Api\VikopApi.Api.csproj", "{DC7BE535-3615-448E-8DAD-4C282ACCADE8}"
EndProject
Project("{9A19103F-16F7-4668-BE54-9A1E7A4F7556}") = "VikopApi.Application", "VikopApi.Application\VikopApi.Application.csproj", "{3EBEE7A9-08C9-4F8E-A2BD-3CE55D0C510D}"
EndProject
Project("{FAE04EC0-301F-11D3-BF4B-00C04F79EFBC}") = "VikopApi.Database.Tests", "VikopApi.Database.Tests\VikopApi.Database.Tests.csproj", "{C01E797E-F3D9-4ACE-A636-233AFE63E332}"
EndProject
Global
	GlobalSection(SolutionConfigurationPlatforms) = preSolution
		Debug|Any CPU = Debug|Any CPU
		Release|Any CPU = Release|Any CPU
	EndGlobalSection
	GlobalSection(ProjectConfigurationPlatforms) = postSolution
		{C85D2654-6D35-4727-8A5A-BC59D99BE02F}.Debug|Any CPU.ActiveCfg = Debug|Any CPU
		{C85D2654-6D35-4727-8A5A-BC59D99BE02F}.Debug|Any CPU.Build.0 = Debug|Any CPU
		{C85D2654-6D35-4727-8A5A-BC59D99BE02F}.Release|Any CPU.ActiveCfg = Release|Any CPU
		{C85D2654-6D35-4727-8A5A-BC59D99BE02F}.Release|Any CPU.Build.0 = Release|Any CPU
		{E2F4B2FB-8EBD-422C-AE5E-116C583EC183}.Debug|Any CPU.ActiveCfg = Debug|Any CPU
		{E2F4B2FB-8EBD-422C-AE5E-116C583EC183}.Debug|Any CPU.Build.0 = Debug|Any CPU
		{E2F4B2FB-8EBD-422C-AE5E-116C583EC183}.Release|Any CPU.ActiveCfg = Release|Any CPU
		{E2F4B2FB-8EBD-422C-AE5E-116C583EC183}.Release|Any CPU.Build.0 = Release|Any CPU
		{DC7BE535-3615-448E-8DAD-4C282ACCADE8}.Debug|Any CPU.ActiveCfg = Debug|Any CPU
		{DC7BE535-3615-448E-8DAD-4C282ACCADE8}.Debug|Any CPU.Build.0 = Debug|Any CPU
		{DC7BE535-3615-448E-8DAD-4C282ACCADE8}.Release|Any CPU.ActiveCfg = Release|Any CPU
		{DC7BE535-3615-448E-8DAD-4C282ACCADE8}.Release|Any CPU.Build.0 = Release|Any CPU
		{3EBEE7A9-08C9-4F8E-A2BD-3CE55D0C510D}.Debug|Any CPU.ActiveCfg = Debug|Any CPU
		{3EBEE7A9-08C9-4F8E-A2BD-3CE55D0C510D}.Debug|Any CPU.Build.0 = Debug|Any CPU
		{3EBEE7A9-08C9-4F8E-A2BD-3CE55D0C510D}.Release|Any CPU.ActiveCfg = Release|Any CPU
		{3EBEE7A9-08C9-4F8E-A2BD-3CE55D0C510D}.Release|Any CPU.Build.0 = Release|Any CPU
		{C01E797E-F3D9-4ACE-A636-233AFE63E332}.Debug|Any CPU.ActiveCfg = Debug|Any CPU
		{C01E797E-F3D9-4ACE-A636-233AFE63E332}.Debug|Any CPU.Build.0 = Debug|Any CPU
		{C01E797E-F3D9-4ACE-A636-233AFE63E332}.Release|Any CPU.ActiveCfg = Release|Any CPU
		{C01E797E-F3D9-4ACE-A636-233AFE63E332}.Release|Any CPU.Build.0 = Release|Any CPU
	EndGlobalSection
	GlobalSection(SolutionProperties) = preSolution
		HideSolutionNode = FALSE
	EndGlobalSection
	GlobalSection(ExtensibilityGlobals) = postSolution
		SolutionGuid = {5B8410A1-93D3-45E6-ACAB-31A08EEA4A31}
	EndGlobalSection
EndGlobal
